
Microsoft Visual Studio Solution File, Format Version 12.00
# Visual Studio Version 17
VisualStudioVersion = 17.0.32112.339
MinimumVisualStudioVersion = 10.0.40219.1
Project("{FAE04EC0-301F-11D3-BF4B-00C04F79EFBC}") = "App_lanterna.UWP", "App_lanterna\App_lanterna.UWP\App_lanterna.UWP.csproj", "{4EA7BB54-62B3-449E-937D-9464F4AED87D}"
EndProject
Project("{FAE04EC0-301F-11D3-BF4B-00C04F79EFBC}") = "App_lanterna.Android", "App_lanterna\App_lanterna.Android\App_lanterna.Android.csproj", "{4E88EAF7-9538-4FDB-9AA8-A69D67BBA32F}"
EndProject
Project("{9A19103F-16F7-4668-BE54-9A1E7A4F7556}") = "App_lanterna", "App_lanterna\App_lanterna\App_lanterna.csproj", "{D21D2ECC-A96F-4601-8EA3-F0FCB44A723A}"
EndProject
Global
	GlobalSection(SolutionConfigurationPlatforms) = preSolution
		Debug|Any CPU = Debug|Any CPU
		Debug|ARM = Debug|ARM
		Debug|x64 = Debug|x64
		Debug|x86 = Debug|x86
		Release|Any CPU = Release|Any CPU
		Release|ARM = Release|ARM
		Release|x64 = Release|x64
		Release|x86 = Release|x86
	EndGlobalSection
	GlobalSection(ProjectConfigurationPlatforms) = postSolution
		{4EA7BB54-62B3-449E-937D-9464F4AED87D}.Debug|Any CPU.ActiveCfg = Debug|x64
		{4EA7BB54-62B3-449E-937D-9464F4AED87D}.Debug|Any CPU.Build.0 = Debug|x64
		{4EA7BB54-62B3-449E-937D-9464F4AED87D}.Debug|Any CPU.Deploy.0 = Debug|x64
		{4EA7BB54-62B3-449E-937D-9464F4AED87D}.Debug|ARM.ActiveCfg = Debug|ARM
		{4EA7BB54-62B3-449E-937D-9464F4AED87D}.Debug|ARM.Build.0 = Debug|ARM
		{4EA7BB54-62B3-449E-937D-9464F4AED87D}.Debug|ARM.Deploy.0 = Debug|ARM
		{4EA7BB54-62B3-449E-937D-9464F4AED87D}.Debug|x64.ActiveCfg = Debug|x64
		{4EA7BB54-62B3-449E-937D-9464F4AED87D}.Debug|x64.Build.0 = Debug|x64
		{4EA7BB54-62B3-449E-937D-9464F4AED87D}.Debug|x64.Deploy.0 = Debug|x64
		{4EA7BB54-62B3-449E-937D-9464F4AED87D}.Debug|x86.ActiveCfg = Debug|x86
		{4EA7BB54-62B3-449E-937D-9464F4AED87D}.Debug|x86.Build.0 = Debug|x86
		{4EA7BB54-62B3-449E-937D-9464F4AED87D}.Debug|x86.Deploy.0 = Debug|x86
		{4EA7BB54-62B3-449E-937D-9464F4AED87D}.Release|Any CPU.ActiveCfg = Release|x64
		{4EA7BB54-62B3-449E-937D-9464F4AED87D}.Release|Any CPU.Build.0 = Release|x64
		{4EA7BB54-62B3-449E-937D-9464F4AED87D}.Release|Any CPU.Deploy.0 = Release|x64
		{4EA7BB54-62B3-449E-937D-9464F4AED87D}.Release|ARM.ActiveCfg = Release|ARM
		{4EA7BB54-62B3-449E-937D-9464F4AED87D}.Release|ARM.Build.0 = Release|ARM
		{4EA7BB54-62B3-449E-937D-9464F4AED87D}.Release|ARM.Deploy.0 = Release|ARM
		{4EA7BB54-62B3-449E-937D-9464F4AED87D}.Release|x64.ActiveCfg = Release|x64
		{4EA7BB54-62B3-449E-937D-9464F4AED87D}.Release|x64.Build.0 = Release|x64
		{4EA7BB54-62B3-449E-937D-9464F4AED87D}.Release|x64.Deploy.0 = Release|x64
		{4EA7BB54-62B3-449E-937D-9464F4AED87D}.Release|x86.ActiveCfg = Release|x86
		{4EA7BB54-62B3-449E-937D-9464F4AED87D}.Release|x86.Build.0 = Release|x86
		{4EA7BB54-62B3-449E-937D-9464F4AED87D}.Release|x86.Deploy.0 = Release|x86
		{4E88EAF7-9538-4FDB-9AA8-A69D67BBA32F}.Debug|Any CPU.ActiveCfg = Debug|Any CPU
		{4E88EAF7-9538-4FDB-9AA8-A69D67BBA32F}.Debug|Any CPU.Build.0 = Debug|Any CPU
		{4E88EAF7-9538-4FDB-9AA8-A69D67BBA32F}.Debug|Any CPU.Deploy.0 = Debug|Any CPU
		{4E88EAF7-9538-4FDB-9AA8-A69D67BBA32F}.Debug|ARM.ActiveCfg = Debug|Any CPU
		{4E88EAF7-9538-4FDB-9AA8-A69D67BBA32F}.Debug|ARM.Build.0 = Debug|Any CPU
		{4E88EAF7-9538-4FDB-9AA8-A69D67BBA32F}.Debug|ARM.Deploy.0 = Debug|Any CPU
		{4E88EAF7-9538-4FDB-9AA8-A69D67BBA32F}.Debug|x64.ActiveCfg = Debug|Any CPU
		{4E88EAF7-9538-4FDB-9AA8-A69D67BBA32F}.Debug|x64.Build.0 = Debug|Any CPU
		{4E88EAF7-9538-4FDB-9AA8-A69D67BBA32F}.Debug|x64.Deploy.0 = Debug|Any CPU
		{4E88EAF7-9538-4FDB-9AA8-A69D67BBA32F}.Debug|x86.ActiveCfg = Debug|Any CPU
		{4E88EAF7-9538-4FDB-9AA8-A69D67BBA32F}.Debug|x86.Build.0 = Debug|Any CPU
		{4E88EAF7-9538-4FDB-9AA8-A69D67BBA32F}.Debug|x86.Deploy.0 = Debug|Any CPU
		{4E88EAF7-9538-4FDB-9AA8-A69D67BBA32F}.Release|Any CPU.ActiveCfg = Release|Any CPU
		{4E88EAF7-9538-4FDB-9AA8-A69D67BBA32F}.Release|Any CPU.Build.0 = Release|Any CPU
		{4E88EAF7-9538-4FDB-9AA8-A69D67BBA32F}.Release|Any CPU.Deploy.0 = Release|Any CPU
		{4E88EAF7-9538-4FDB-9AA8-A69D67BBA32F}.Release|ARM.ActiveCfg = Release|Any CPU
		{4E88EAF7-9538-4FDB-9AA8-A69D67BBA32F}.Release|ARM.Build.0 = Release|Any CPU
		{4E88EAF7-9538-4FDB-9AA8-A69D67BBA32F}.Release|ARM.Deploy.0 = Release|Any CPU
		{4E88EAF7-9538-4FDB-9AA8-A69D67BBA32F}.Release|x64.ActiveCfg = Release|Any CPU
		{4E88EAF7-9538-4FDB-9AA8-A69D67BBA32F}.Release|x64.Build.0 = Release|Any CPU
		{4E88EAF7-9538-4FDB-9AA8-A69D67BBA32F}.Release|x64.Deploy.0 = Release|Any CPU
		{4E88EAF7-9538-4FDB-9AA8-A69D67BBA32F}.Release|x86.ActiveCfg = Release|Any CPU
		{4E88EAF7-9538-4FDB-9AA8-A69D67BBA32F}.Release|x86.Build.0 = Release|Any CPU
		{4E88EAF7-9538-4FDB-9AA8-A69D67BBA32F}.Release|x86.Deploy.0 = Release|Any CPU
		{D21D2ECC-A96F-4601-8EA3-F0FCB44A723A}.Debug|Any CPU.ActiveCfg = Debug|Any CPU
		{D21D2ECC-A96F-4601-8EA3-F0FCB44A723A}.Debug|Any CPU.Build.0 = Debug|Any CPU
		{D21D2ECC-A96F-4601-8EA3-F0FCB44A723A}.Debug|Any CPU.Deploy.0 = Debug|Any CPU
		{D21D2ECC-A96F-4601-8EA3-F0FCB44A723A}.Debug|ARM.ActiveCfg = Debug|Any CPU
		{D21D2ECC-A96F-4601-8EA3-F0FCB44A723A}.Debug|ARM.Build.0 = Debug|Any CPU
		{D21D2ECC-A96F-4601-8EA3-F0FCB44A723A}.Debug|ARM.Deploy.0 = Debug|Any CPU
		{D21D2ECC-A96F-4601-8EA3-F0FCB44A723A}.Debug|x64.ActiveCfg = Debug|Any CPU
		{D21D2ECC-A96F-4601-8EA3-F0FCB44A723A}.Debug|x64.Build.0 = Debug|Any CPU
		{D21D2ECC-A96F-4601-8EA3-F0FCB44A723A}.Debug|x64.Deploy.0 = Debug|Any CPU
		{D21D2ECC-A96F-4601-8EA3-F0FCB44A723A}.Debug|x86.ActiveCfg = Debug|Any CPU
		{D21D2ECC-A96F-4601-8EA3-F0FCB44A723A}.Debug|x86.Build.0 = Debug|Any CPU
		{D21D2ECC-A96F-4601-8EA3-F0FCB44A723A}.Debug|x86.Deploy.0 = Debug|Any CPU
		{D21D2ECC-A96F-4601-8EA3-F0FCB44A723A}.Release|Any CPU.ActiveCfg = Release|Any CPU
		{D21D2ECC-A96F-4601-8EA3-F0FCB44A723A}.Release|Any CPU.Build.0 = Release|Any CPU
		{D21D2ECC-A96F-4601-8EA3-F0FCB44A723A}.Release|Any CPU.Deploy.0 = Release|Any CPU
		{D21D2ECC-A96F-4601-8EA3-F0FCB44A723A}.Release|ARM.ActiveCfg = Release|Any CPU
		{D21D2ECC-A96F-4601-8EA3-F0FCB44A723A}.Release|ARM.Build.0 = Release|Any CPU
		{D21D2ECC-A96F-4601-8EA3-F0FCB44A723A}.Release|ARM.Deploy.0 = Release|Any CPU
		{D21D2ECC-A96F-4601-8EA3-F0FCB44A723A}.Release|x64.ActiveCfg = Release|Any CPU
		{D21D2ECC-A96F-4601-8EA3-F0FCB44A723A}.Release|x64.Build.0 = Release|Any CPU
		{D21D2ECC-A96F-4601-8EA3-F0FCB44A723A}.Release|x64.Deploy.0 = Release|Any CPU
		{D21D2ECC-A96F-4601-8EA3-F0FCB44A723A}.Release|x86.ActiveCfg = Release|Any CPU
		{D21D2ECC-A96F-4601-8EA3-F0FCB44A723A}.Release|x86.Build.0 = Release|Any CPU
		{D21D2ECC-A96F-4601-8EA3-F0FCB44A723A}.Release|x86.Deploy.0 = Release|Any CPU
	EndGlobalSection
	GlobalSection(SolutionProperties) = preSolution
		HideSolutionNode = FALSE
	EndGlobalSection
	GlobalSection(ExtensibilityGlobals) = postSolution
		SolutionGuid = {452C1B0E-A6CA-410B-9E23-C18DAE138143}
	EndGlobalSection
EndGlobal
